
Microsoft Visual Studio Solution File, Format Version 12.00
# Visual Studio Version 17
VisualStudioVersion = 17.5.33424.131
MinimumVisualStudioVersion = 10.0.40219.1
Project("{8BC9CEB8-8B4A-11D0-8D11-00A0C91BC942}") = "Qt Song Playlist", "Qt Song Playlist\Qt Song Playlist.vcxproj", "{CD8BCD4D-E605-4255-A61D-A852069E18A0}"
EndProject
Global
	GlobalSection(SolutionConfigurationPlatforms) = preSolution
		Debug|x64 = Debug|x64
		Release|x64 = Release|x64
	EndGlobalSection
	GlobalSection(ProjectConfigurationPlatforms) = postSolution
		{CD8BCD4D-E605-4255-A61D-A852069E18A0}.Debug|x64.ActiveCfg = Debug|x64
		{CD8BCD4D-E605-4255-A61D-A852069E18A0}.Debug|x64.Build.0 = Debug|x64
		{CD8BCD4D-E605-4255-A61D-A852069E18A0}.Release|x64.ActiveCfg = Release|x64
		{CD8BCD4D-E605-4255-A61D-A852069E18A0}.Release|x64.Build.0 = Release|x64
	EndGlobalSection
	GlobalSection(SolutionProperties) = preSolution
		HideSolutionNode = FALSE
	EndGlobalSection
	GlobalSection(ExtensibilityGlobals) = postSolution
		SolutionGuid = {F3ECA9CA-3754-4BD5-9621-944D8E645F14}
	EndGlobalSection
EndGlobal
